
Microsoft Visual Studio Solution File, Format Version 12.00
# Visual Studio Version 17
VisualStudioVersion = 17.8.34322.80
MinimumVisualStudioVersion = 10.0.40219.1
Project("{FAE04EC0-301F-11D3-BF4B-00C04F79EFBC}") = "reflex", "reflex\reflex.csproj", "{1DF4D908-4B25-4652-91E4-D62C28C56397}"
EndProject
Global
	GlobalSection(SolutionConfigurationPlatforms) = preSolution
		Debug|Any CPU = Debug|Any CPU
		Release|Any CPU = Release|Any CPU
	EndGlobalSection
	GlobalSection(ProjectConfigurationPlatforms) = postSolution
		{1DF4D908-4B25-4652-91E4-D62C28C56397}.Debug|Any CPU.ActiveCfg = Debug|Any CPU
		{1DF4D908-4B25-4652-91E4-D62C28C56397}.Debug|Any CPU.Build.0 = Debug|Any CPU
		{1DF4D908-4B25-4652-91E4-D62C28C56397}.Release|Any CPU.ActiveCfg = Release|Any CPU
		{1DF4D908-4B25-4652-91E4-D62C28C56397}.Release|Any CPU.Build.0 = Release|Any CPU
	EndGlobalSection
	GlobalSection(SolutionProperties) = preSolution
		HideSolutionNode = FALSE
	EndGlobalSection
	GlobalSection(ExtensibilityGlobals) = postSolution
		SolutionGuid = {65413A92-43E3-499D-BAE7-AD0479422C20}
	EndGlobalSection
EndGlobal
